
Microsoft Visual Studio Solution File, Format Version 12.00
# Visual Studio Version 17
VisualStudioVersion = 17.4.33213.308
MinimumVisualStudioVersion = 10.0.40219.1
Project("{9A19103F-16F7-4668-BE54-9A1E7A4F7556}") = "ApiVinotecaTameran", "ApiVinotecaTameran.csproj", "{B9E75CDC-436B-46E7-9177-451F05494D61}"
EndProject
Global
	GlobalSection(SolutionConfigurationPlatforms) = preSolution
		Debug|Any CPU = Debug|Any CPU
		Release|Any CPU = Release|Any CPU
	EndGlobalSection
	GlobalSection(ProjectConfigurationPlatforms) = postSolution
		{B9E75CDC-436B-46E7-9177-451F05494D61}.Debug|Any CPU.ActiveCfg = Debug|Any CPU
		{B9E75CDC-436B-46E7-9177-451F05494D61}.Debug|Any CPU.Build.0 = Debug|Any CPU
		{B9E75CDC-436B-46E7-9177-451F05494D61}.Release|Any CPU.ActiveCfg = Release|Any CPU
		{B9E75CDC-436B-46E7-9177-451F05494D61}.Release|Any CPU.Build.0 = Release|Any CPU
	EndGlobalSection
	GlobalSection(SolutionProperties) = preSolution
		HideSolutionNode = FALSE
	EndGlobalSection
	GlobalSection(ExtensibilityGlobals) = postSolution
		SolutionGuid = {1E8FC1CD-5AF8-4E38-96C8-94003E235C18}
	EndGlobalSection
EndGlobal
